
Microsoft Visual Studio Solution File, Format Version 12.00
# Visual Studio Version 16
VisualStudioVersion = 16.0.33927.289
MinimumVisualStudioVersion = 10.0.40219.1
Project("{2150E333-8FDC-42A3-9474-1A3956D46DE8}") = "Task0", "Task0", "{298F8E5F-0252-43A0-9AB8-54142D082720}"
EndProject
Project("{FAE04EC0-301F-11D3-BF4B-00C04F79EFBC}") = "Tyuiu.GorbunovAA.Sprint1.Task0.V20", "Tyuiu.GorbunovAA.Sprint1.Task0.V20\Tyuiu.GorbunovAA.Sprint1.Task0.V20.csproj", "{A1FD7A7B-D3F4-4F1F-9281-F52EC1D2D2DA}"
EndProject
Project("{FAE04EC0-301F-11D3-BF4B-00C04F79EFBC}") = "Tyuiu.GorbunovAA.Sprint1.Task0.V20.Lib", "Tyuiu.GorbunovAA.Sprint1.Task0.V20.Lib\Tyuiu.GorbunovAA.Sprint1.Task0.V20.Lib.csproj", "{678FE073-D0F7-4050-A58E-7DC62545DBDC}"
EndProject
Project("{FAE04EC0-301F-11D3-BF4B-00C04F79EFBC}") = "Tyuiu.GorbunovAA.Sprint1.Task0.V20.Test", "Tyuiu.GorbunovAA.Sprint1.Task0.V20.Test\Tyuiu.GorbunovAA.Sprint1.Task0.V20.Test.csproj", "{1F19319C-D8D9-4E00-9ADC-787131F395C7}"
EndProject
Global
	GlobalSection(SolutionConfigurationPlatforms) = preSolution
		Debug|Any CPU = Debug|Any CPU
		Release|Any CPU = Release|Any CPU
	EndGlobalSection
	GlobalSection(ProjectConfigurationPlatforms) = postSolution
		{A1FD7A7B-D3F4-4F1F-9281-F52EC1D2D2DA}.Debug|Any CPU.ActiveCfg = Debug|Any CPU
		{A1FD7A7B-D3F4-4F1F-9281-F52EC1D2D2DA}.Debug|Any CPU.Build.0 = Debug|Any CPU
		{A1FD7A7B-D3F4-4F1F-9281-F52EC1D2D2DA}.Release|Any CPU.ActiveCfg = Release|Any CPU
		{A1FD7A7B-D3F4-4F1F-9281-F52EC1D2D2DA}.Release|Any CPU.Build.0 = Release|Any CPU
		{678FE073-D0F7-4050-A58E-7DC62545DBDC}.Debug|Any CPU.ActiveCfg = Debug|Any CPU
		{678FE073-D0F7-4050-A58E-7DC62545DBDC}.Debug|Any CPU.Build.0 = Debug|Any CPU
		{678FE073-D0F7-4050-A58E-7DC62545DBDC}.Release|Any CPU.ActiveCfg = Release|Any CPU
		{678FE073-D0F7-4050-A58E-7DC62545DBDC}.Release|Any CPU.Build.0 = Release|Any CPU
		{1F19319C-D8D9-4E00-9ADC-787131F395C7}.Debug|Any CPU.ActiveCfg = Debug|Any CPU
		{1F19319C-D8D9-4E00-9ADC-787131F395C7}.Debug|Any CPU.Build.0 = Debug|Any CPU
		{1F19319C-D8D9-4E00-9ADC-787131F395C7}.Release|Any CPU.ActiveCfg = Release|Any CPU
		{1F19319C-D8D9-4E00-9ADC-787131F395C7}.Release|Any CPU.Build.0 = Release|Any CPU
	EndGlobalSection
	GlobalSection(SolutionProperties) = preSolution
		HideSolutionNode = FALSE
	EndGlobalSection
	GlobalSection(NestedProjects) = preSolution
		{A1FD7A7B-D3F4-4F1F-9281-F52EC1D2D2DA} = {298F8E5F-0252-43A0-9AB8-54142D082720}
		{678FE073-D0F7-4050-A58E-7DC62545DBDC} = {298F8E5F-0252-43A0-9AB8-54142D082720}
		{1F19319C-D8D9-4E00-9ADC-787131F395C7} = {298F8E5F-0252-43A0-9AB8-54142D082720}
	EndGlobalSection
	GlobalSection(ExtensibilityGlobals) = postSolution
		SolutionGuid = {9C7E608C-94B0-4A63-AB30-84CB1196E1C7}
	EndGlobalSection
EndGlobal
