
Microsoft Visual Studio Solution File, Format Version 12.00
# Visual Studio Version 16
VisualStudioVersion = 16.0.33927.289
MinimumVisualStudioVersion = 10.0.40219.1
Project("{2150E333-8FDC-42A3-9474-1A3956D46DE8}") = "Task0", "Task0", "{298F8E5F-0252-43A0-9AB8-54142D082720}"
EndProject
Project("{FAE04EC0-301F-11D3-BF4B-00C04F79EFBC}") = "Tyuiu.GorbunovAA.Sprint1.Task0.V20", "Tyuiu.GorbunovAA.Sprint1.Task0.V20\Tyuiu.GorbunovAA.Sprint1.Task0.V20.csproj", "{A1FD7A7B-D3F4-4F1F-9281-F52EC1D2D2DA}"
EndProject
Project("{FAE04EC0-301F-11D3-BF4B-00C04F79EFBC}") = "Tyuiu.GorbunovAA.Sprint1.Task0.V20.Lib", "Tyuiu.GorbunovAA.Sprint1.Task0.V20.Lib\Tyuiu.GorbunovAA.Sprint1.Task0.V20.Lib.csproj", "{678FE073-D0F7-4050-A58E-7DC62545DBDC}"
EndProject
Project("{FAE04EC0-301F-11D3-BF4B-00C04F79EFBC}") = "Tyuiu.GorbunovAA.Sprint1.Task0.V20.Test", "Tyuiu.GorbunovAA.Sprint1.Task0.V20.Test\Tyuiu.GorbunovAA.Sprint1.Task0.V20.Test.csproj", "{1F19319C-D8D9-4E00-9ADC-787131F395C7}"
EndProject
Project("{2150E333-8FDC-42A3-9474-1A3956D46DE8}") = "Task1", "Task1", "{B195BCBD-249F-4FAA-A1E9-84200CA36ECB}"
EndProject
Project("{FAE04EC0-301F-11D3-BF4B-00C04F79EFBC}") = "Tyuiu.GorbunovAA.Sprint1.Task1.V24", "Tyuiu.GorbunovAA.Sprint1.Task1.V24\Tyuiu.GorbunovAA.Sprint1.Task1.V24.csproj", "{7677E0ED-A343-4A56-BC79-69EC3E1668C3}"
EndProject
Project("{FAE04EC0-301F-11D3-BF4B-00C04F79EFBC}") = "Tyuiu.GorbunovAA.Sprint1.Task1.V24.Lib", "Tyuiu.GorbunovAA.Sprint1.Task1.V24.Lib\Tyuiu.GorbunovAA.Sprint1.Task1.V24.Lib.csproj", "{2BEF4514-4793-4CA7-9DFF-6F13879A3CEC}"
EndProject
Project("{FAE04EC0-301F-11D3-BF4B-00C04F79EFBC}") = "Tyuiu.GorbunovAA.Sprint1.Task1.V24.Test", "Tyuiu.GorbunovAA.Sprint1.Task1.V24.Test\Tyuiu.GorbunovAA.Sprint1.Task1.V24.Test.csproj", "{501F429F-ADE6-4050-B164-B0D47751786F}"
EndProject
Global
	GlobalSection(SolutionConfigurationPlatforms) = preSolution
		Debug|Any CPU = Debug|Any CPU
		Release|Any CPU = Release|Any CPU
	EndGlobalSection
	GlobalSection(ProjectConfigurationPlatforms) = postSolution
		{A1FD7A7B-D3F4-4F1F-9281-F52EC1D2D2DA}.Debug|Any CPU.ActiveCfg = Debug|Any CPU
		{A1FD7A7B-D3F4-4F1F-9281-F52EC1D2D2DA}.Debug|Any CPU.Build.0 = Debug|Any CPU
		{A1FD7A7B-D3F4-4F1F-9281-F52EC1D2D2DA}.Release|Any CPU.ActiveCfg = Release|Any CPU
		{A1FD7A7B-D3F4-4F1F-9281-F52EC1D2D2DA}.Release|Any CPU.Build.0 = Release|Any CPU
		{678FE073-D0F7-4050-A58E-7DC62545DBDC}.Debug|Any CPU.ActiveCfg = Debug|Any CPU
		{678FE073-D0F7-4050-A58E-7DC62545DBDC}.Debug|Any CPU.Build.0 = Debug|Any CPU
		{678FE073-D0F7-4050-A58E-7DC62545DBDC}.Release|Any CPU.ActiveCfg = Release|Any CPU
		{678FE073-D0F7-4050-A58E-7DC62545DBDC}.Release|Any CPU.Build.0 = Release|Any CPU
		{1F19319C-D8D9-4E00-9ADC-787131F395C7}.Debug|Any CPU.ActiveCfg = Debug|Any CPU
		{1F19319C-D8D9-4E00-9ADC-787131F395C7}.Debug|Any CPU.Build.0 = Debug|Any CPU
		{1F19319C-D8D9-4E00-9ADC-787131F395C7}.Release|Any CPU.ActiveCfg = Release|Any CPU
		{1F19319C-D8D9-4E00-9ADC-787131F395C7}.Release|Any CPU.Build.0 = Release|Any CPU
		{7677E0ED-A343-4A56-BC79-69EC3E1668C3}.Debug|Any CPU.ActiveCfg = Debug|Any CPU
		{7677E0ED-A343-4A56-BC79-69EC3E1668C3}.Debug|Any CPU.Build.0 = Debug|Any CPU
		{7677E0ED-A343-4A56-BC79-69EC3E1668C3}.Release|Any CPU.ActiveCfg = Release|Any CPU
		{7677E0ED-A343-4A56-BC79-69EC3E1668C3}.Release|Any CPU.Build.0 = Release|Any CPU
		{2BEF4514-4793-4CA7-9DFF-6F13879A3CEC}.Debug|Any CPU.ActiveCfg = Debug|Any CPU
		{2BEF4514-4793-4CA7-9DFF-6F13879A3CEC}.Debug|Any CPU.Build.0 = Debug|Any CPU
		{2BEF4514-4793-4CA7-9DFF-6F13879A3CEC}.Release|Any CPU.ActiveCfg = Release|Any CPU
		{2BEF4514-4793-4CA7-9DFF-6F13879A3CEC}.Release|Any CPU.Build.0 = Release|Any CPU
		{501F429F-ADE6-4050-B164-B0D47751786F}.Debug|Any CPU.ActiveCfg = Debug|Any CPU
		{501F429F-ADE6-4050-B164-B0D47751786F}.Debug|Any CPU.Build.0 = Debug|Any CPU
		{501F429F-ADE6-4050-B164-B0D47751786F}.Release|Any CPU.ActiveCfg = Release|Any CPU
		{501F429F-ADE6-4050-B164-B0D47751786F}.Release|Any CPU.Build.0 = Release|Any CPU
	EndGlobalSection
	GlobalSection(SolutionProperties) = preSolution
		HideSolutionNode = FALSE
	EndGlobalSection
	GlobalSection(NestedProjects) = preSolution
		{A1FD7A7B-D3F4-4F1F-9281-F52EC1D2D2DA} = {298F8E5F-0252-43A0-9AB8-54142D082720}
		{678FE073-D0F7-4050-A58E-7DC62545DBDC} = {298F8E5F-0252-43A0-9AB8-54142D082720}
		{1F19319C-D8D9-4E00-9ADC-787131F395C7} = {298F8E5F-0252-43A0-9AB8-54142D082720}
		{7677E0ED-A343-4A56-BC79-69EC3E1668C3} = {B195BCBD-249F-4FAA-A1E9-84200CA36ECB}
		{2BEF4514-4793-4CA7-9DFF-6F13879A3CEC} = {B195BCBD-249F-4FAA-A1E9-84200CA36ECB}
		{501F429F-ADE6-4050-B164-B0D47751786F} = {B195BCBD-249F-4FAA-A1E9-84200CA36ECB}
	EndGlobalSection
	GlobalSection(ExtensibilityGlobals) = postSolution
		SolutionGuid = {9C7E608C-94B0-4A63-AB30-84CB1196E1C7}
	EndGlobalSection
EndGlobal
