
Microsoft Visual Studio Solution File, Format Version 12.00
# Visual Studio Version 16
VisualStudioVersion = 16.0.33927.289
MinimumVisualStudioVersion = 10.0.40219.1
Project("{2150E333-8FDC-42A3-9474-1A3956D46DE8}") = "Task0", "Task0", "{298F8E5F-0252-43A0-9AB8-54142D082720}"
EndProject
Project("{FAE04EC0-301F-11D3-BF4B-00C04F79EFBC}") = "Tyuiu.GorbunovAA.Sprint1.Task0.V20", "Tyuiu.GorbunovAA.Sprint1.Task0.V20\Tyuiu.GorbunovAA.Sprint1.Task0.V20.csproj", "{A1FD7A7B-D3F4-4F1F-9281-F52EC1D2D2DA}"
EndProject
Project("{FAE04EC0-301F-11D3-BF4B-00C04F79EFBC}") = "Tyuiu.GorbunovAA.Sprint1.Task0.V20.Lib", "Tyuiu.GorbunovAA.Sprint1.Task0.V20.Lib\Tyuiu.GorbunovAA.Sprint1.Task0.V20.Lib.csproj", "{678FE073-D0F7-4050-A58E-7DC62545DBDC}"
EndProject
Project("{FAE04EC0-301F-11D3-BF4B-00C04F79EFBC}") = "Tyuiu.GorbunovAA.Sprint1.Task0.V20.Test", "Tyuiu.GorbunovAA.Sprint1.Task0.V20.Test\Tyuiu.GorbunovAA.Sprint1.Task0.V20.Test.csproj", "{1F19319C-D8D9-4E00-9ADC-787131F395C7}"
EndProject
Project("{2150E333-8FDC-42A3-9474-1A3956D46DE8}") = "Task1", "Task1", "{B195BCBD-249F-4FAA-A1E9-84200CA36ECB}"
EndProject
Project("{FAE04EC0-301F-11D3-BF4B-00C04F79EFBC}") = "Tyuiu.GorbunovAA.Sprint1.Task1.V24", "Tyuiu.GorbunovAA.Sprint1.Task1.V24\Tyuiu.GorbunovAA.Sprint1.Task1.V24.csproj", "{7677E0ED-A343-4A56-BC79-69EC3E1668C3}"
EndProject
Project("{FAE04EC0-301F-11D3-BF4B-00C04F79EFBC}") = "Tyuiu.GorbunovAA.Sprint1.Task1.V24.Lib", "Tyuiu.GorbunovAA.Sprint1.Task1.V24.Lib\Tyuiu.GorbunovAA.Sprint1.Task1.V24.Lib.csproj", "{2BEF4514-4793-4CA7-9DFF-6F13879A3CEC}"
EndProject
Project("{FAE04EC0-301F-11D3-BF4B-00C04F79EFBC}") = "Tyuiu.GorbunovAA.Sprint1.Task1.V24.Test", "Tyuiu.GorbunovAA.Sprint1.Task1.V24.Test\Tyuiu.GorbunovAA.Sprint1.Task1.V24.Test.csproj", "{501F429F-ADE6-4050-B164-B0D47751786F}"
EndProject
Project("{2150E333-8FDC-42A3-9474-1A3956D46DE8}") = "Task2", "Task2", "{52FF9C73-89B4-4B77-802B-5E35278840F4}"
EndProject
Project("{FAE04EC0-301F-11D3-BF4B-00C04F79EFBC}") = "Tyuiu.GorbunovAA.Sprint1.Task2.V28", "Tyuiu.GorbunovAA.Sprint1.Task2.V28\Tyuiu.GorbunovAA.Sprint1.Task2.V28.csproj", "{A3B3C0F0-E1CD-49CC-A49E-D1B65541C6A2}"
EndProject
Project("{FAE04EC0-301F-11D3-BF4B-00C04F79EFBC}") = "Tyuiu.GorbunovAA.Sprint1.Task2.V28.Test", "Tyuiu.GorbunovAA.Sprint1.Task2.V28.Test\Tyuiu.GorbunovAA.Sprint1.Task2.V28.Test.csproj", "{969ABD76-A873-477A-919B-592E8FB99CE5}"
EndProject
Project("{FAE04EC0-301F-11D3-BF4B-00C04F79EFBC}") = "Tyuiu.GorbunovAA.Sprint1.Task2.V28.Lib", "Tyuiu.GorbunovAA.Sprint1.Task2.V28.Lib\Tyuiu.GorbunovAA.Sprint1.Task2.V28.Lib.csproj", "{EF23BE52-E44E-429D-B761-793B45C72CF7}"
EndProject
Project("{2150E333-8FDC-42A3-9474-1A3956D46DE8}") = "Task3", "Task3", "{1A942150-DD55-44AF-87F7-8E45410B668D}"
EndProject
Project("{FAE04EC0-301F-11D3-BF4B-00C04F79EFBC}") = "Tyuiu.GorbunovAA.Sprint1.Task3.V12", "Tyuiu.GorbunovAA.Sprint1.Task3.V12\Tyuiu.GorbunovAA.Sprint1.Task3.V12.csproj", "{64ABB6ED-EC85-4D43-AC15-F4DBC7A4E553}"
EndProject
Project("{FAE04EC0-301F-11D3-BF4B-00C04F79EFBC}") = "Tyuiu.GorbunovAA.Sprint1.Task3.V12.Lib", "Tyuiu.GorbunovAA.Sprint1.Task3.V12.Lib\Tyuiu.GorbunovAA.Sprint1.Task3.V12.Lib.csproj", "{2C0690EC-4E6C-4030-B2F9-86823E2E4FC9}"
EndProject
Project("{FAE04EC0-301F-11D3-BF4B-00C04F79EFBC}") = "Tyuiu.GorbunovAA.Sprint1.Task3.V12.Test", "Tyuiu.GorbunovAA.Sprint1.Task3.V12.Test\Tyuiu.GorbunovAA.Sprint1.Task3.V12.Test.csproj", "{0F22FD68-116B-4142-9ED0-C6047822DD9F}"
EndProject
Project("{2150E333-8FDC-42A3-9474-1A3956D46DE8}") = "Task4", "Task4", "{BE481449-0B67-466D-AAAB-8C8B608CD7BA}"
EndProject
Project("{FAE04EC0-301F-11D3-BF4B-00C04F79EFBC}") = "Tyuiu.GorbunovAA.Sprint1.Task4.V1", "Tyuiu.GorbunovAA.Sprint1.Task4.V1\Tyuiu.GorbunovAA.Sprint1.Task4.V1.csproj", "{373C8EA8-F2AC-4B39-8F7C-1B0D234610BF}"
EndProject
Project("{FAE04EC0-301F-11D3-BF4B-00C04F79EFBC}") = "Tyuiu.GorbunovAA.Sprint1.Task4.V1.Lib", "Tyuiu.GorbunovAA.Sprint1.Task4.V1.Lib\Tyuiu.GorbunovAA.Sprint1.Task4.V1.Lib.csproj", "{183FD75B-E728-4ED2-B17C-5E14BE978100}"
EndProject
Project("{FAE04EC0-301F-11D3-BF4B-00C04F79EFBC}") = "Tyuiu.GorbunovAA.Sprint1.Task4.V1.Test", "Tyuiu.GorbunovAA.Sprint1.Task4.V1.Test\Tyuiu.GorbunovAA.Sprint1.Task4.V1.Test.csproj", "{6629B9BB-ADBB-48EA-BFCC-6C3AF37E4DFD}"
EndProject
Global
	GlobalSection(SolutionConfigurationPlatforms) = preSolution
		Debug|Any CPU = Debug|Any CPU
		Release|Any CPU = Release|Any CPU
	EndGlobalSection
	GlobalSection(ProjectConfigurationPlatforms) = postSolution
		{A1FD7A7B-D3F4-4F1F-9281-F52EC1D2D2DA}.Debug|Any CPU.ActiveCfg = Debug|Any CPU
		{A1FD7A7B-D3F4-4F1F-9281-F52EC1D2D2DA}.Debug|Any CPU.Build.0 = Debug|Any CPU
		{A1FD7A7B-D3F4-4F1F-9281-F52EC1D2D2DA}.Release|Any CPU.ActiveCfg = Release|Any CPU
		{A1FD7A7B-D3F4-4F1F-9281-F52EC1D2D2DA}.Release|Any CPU.Build.0 = Release|Any CPU
		{678FE073-D0F7-4050-A58E-7DC62545DBDC}.Debug|Any CPU.ActiveCfg = Debug|Any CPU
		{678FE073-D0F7-4050-A58E-7DC62545DBDC}.Debug|Any CPU.Build.0 = Debug|Any CPU
		{678FE073-D0F7-4050-A58E-7DC62545DBDC}.Release|Any CPU.ActiveCfg = Release|Any CPU
		{678FE073-D0F7-4050-A58E-7DC62545DBDC}.Release|Any CPU.Build.0 = Release|Any CPU
		{1F19319C-D8D9-4E00-9ADC-787131F395C7}.Debug|Any CPU.ActiveCfg = Debug|Any CPU
		{1F19319C-D8D9-4E00-9ADC-787131F395C7}.Debug|Any CPU.Build.0 = Debug|Any CPU
		{1F19319C-D8D9-4E00-9ADC-787131F395C7}.Release|Any CPU.ActiveCfg = Release|Any CPU
		{1F19319C-D8D9-4E00-9ADC-787131F395C7}.Release|Any CPU.Build.0 = Release|Any CPU
		{7677E0ED-A343-4A56-BC79-69EC3E1668C3}.Debug|Any CPU.ActiveCfg = Debug|Any CPU
		{7677E0ED-A343-4A56-BC79-69EC3E1668C3}.Debug|Any CPU.Build.0 = Debug|Any CPU
		{7677E0ED-A343-4A56-BC79-69EC3E1668C3}.Release|Any CPU.ActiveCfg = Release|Any CPU
		{7677E0ED-A343-4A56-BC79-69EC3E1668C3}.Release|Any CPU.Build.0 = Release|Any CPU
		{2BEF4514-4793-4CA7-9DFF-6F13879A3CEC}.Debug|Any CPU.ActiveCfg = Debug|Any CPU
		{2BEF4514-4793-4CA7-9DFF-6F13879A3CEC}.Debug|Any CPU.Build.0 = Debug|Any CPU
		{2BEF4514-4793-4CA7-9DFF-6F13879A3CEC}.Release|Any CPU.ActiveCfg = Release|Any CPU
		{2BEF4514-4793-4CA7-9DFF-6F13879A3CEC}.Release|Any CPU.Build.0 = Release|Any CPU
		{501F429F-ADE6-4050-B164-B0D47751786F}.Debug|Any CPU.ActiveCfg = Debug|Any CPU
		{501F429F-ADE6-4050-B164-B0D47751786F}.Debug|Any CPU.Build.0 = Debug|Any CPU
		{501F429F-ADE6-4050-B164-B0D47751786F}.Release|Any CPU.ActiveCfg = Release|Any CPU
		{501F429F-ADE6-4050-B164-B0D47751786F}.Release|Any CPU.Build.0 = Release|Any CPU
		{A3B3C0F0-E1CD-49CC-A49E-D1B65541C6A2}.Debug|Any CPU.ActiveCfg = Debug|Any CPU
		{A3B3C0F0-E1CD-49CC-A49E-D1B65541C6A2}.Debug|Any CPU.Build.0 = Debug|Any CPU
		{A3B3C0F0-E1CD-49CC-A49E-D1B65541C6A2}.Release|Any CPU.ActiveCfg = Release|Any CPU
		{A3B3C0F0-E1CD-49CC-A49E-D1B65541C6A2}.Release|Any CPU.Build.0 = Release|Any CPU
		{969ABD76-A873-477A-919B-592E8FB99CE5}.Debug|Any CPU.ActiveCfg = Debug|Any CPU
		{969ABD76-A873-477A-919B-592E8FB99CE5}.Debug|Any CPU.Build.0 = Debug|Any CPU
		{969ABD76-A873-477A-919B-592E8FB99CE5}.Release|Any CPU.ActiveCfg = Release|Any CPU
		{969ABD76-A873-477A-919B-592E8FB99CE5}.Release|Any CPU.Build.0 = Release|Any CPU
		{EF23BE52-E44E-429D-B761-793B45C72CF7}.Debug|Any CPU.ActiveCfg = Debug|Any CPU
		{EF23BE52-E44E-429D-B761-793B45C72CF7}.Debug|Any CPU.Build.0 = Debug|Any CPU
		{EF23BE52-E44E-429D-B761-793B45C72CF7}.Release|Any CPU.ActiveCfg = Release|Any CPU
		{EF23BE52-E44E-429D-B761-793B45C72CF7}.Release|Any CPU.Build.0 = Release|Any CPU
		{64ABB6ED-EC85-4D43-AC15-F4DBC7A4E553}.Debug|Any CPU.ActiveCfg = Debug|Any CPU
		{64ABB6ED-EC85-4D43-AC15-F4DBC7A4E553}.Debug|Any CPU.Build.0 = Debug|Any CPU
		{64ABB6ED-EC85-4D43-AC15-F4DBC7A4E553}.Release|Any CPU.ActiveCfg = Release|Any CPU
		{64ABB6ED-EC85-4D43-AC15-F4DBC7A4E553}.Release|Any CPU.Build.0 = Release|Any CPU
		{2C0690EC-4E6C-4030-B2F9-86823E2E4FC9}.Debug|Any CPU.ActiveCfg = Debug|Any CPU
		{2C0690EC-4E6C-4030-B2F9-86823E2E4FC9}.Debug|Any CPU.Build.0 = Debug|Any CPU
		{2C0690EC-4E6C-4030-B2F9-86823E2E4FC9}.Release|Any CPU.ActiveCfg = Release|Any CPU
		{2C0690EC-4E6C-4030-B2F9-86823E2E4FC9}.Release|Any CPU.Build.0 = Release|Any CPU
		{0F22FD68-116B-4142-9ED0-C6047822DD9F}.Debug|Any CPU.ActiveCfg = Debug|Any CPU
		{0F22FD68-116B-4142-9ED0-C6047822DD9F}.Debug|Any CPU.Build.0 = Debug|Any CPU
		{0F22FD68-116B-4142-9ED0-C6047822DD9F}.Release|Any CPU.ActiveCfg = Release|Any CPU
		{0F22FD68-116B-4142-9ED0-C6047822DD9F}.Release|Any CPU.Build.0 = Release|Any CPU
		{373C8EA8-F2AC-4B39-8F7C-1B0D234610BF}.Debug|Any CPU.ActiveCfg = Debug|Any CPU
		{373C8EA8-F2AC-4B39-8F7C-1B0D234610BF}.Debug|Any CPU.Build.0 = Debug|Any CPU
		{373C8EA8-F2AC-4B39-8F7C-1B0D234610BF}.Release|Any CPU.ActiveCfg = Release|Any CPU
		{373C8EA8-F2AC-4B39-8F7C-1B0D234610BF}.Release|Any CPU.Build.0 = Release|Any CPU
		{183FD75B-E728-4ED2-B17C-5E14BE978100}.Debug|Any CPU.ActiveCfg = Debug|Any CPU
		{183FD75B-E728-4ED2-B17C-5E14BE978100}.Debug|Any CPU.Build.0 = Debug|Any CPU
		{183FD75B-E728-4ED2-B17C-5E14BE978100}.Release|Any CPU.ActiveCfg = Release|Any CPU
		{183FD75B-E728-4ED2-B17C-5E14BE978100}.Release|Any CPU.Build.0 = Release|Any CPU
		{6629B9BB-ADBB-48EA-BFCC-6C3AF37E4DFD}.Debug|Any CPU.ActiveCfg = Debug|Any CPU
		{6629B9BB-ADBB-48EA-BFCC-6C3AF37E4DFD}.Debug|Any CPU.Build.0 = Debug|Any CPU
		{6629B9BB-ADBB-48EA-BFCC-6C3AF37E4DFD}.Release|Any CPU.ActiveCfg = Release|Any CPU
		{6629B9BB-ADBB-48EA-BFCC-6C3AF37E4DFD}.Release|Any CPU.Build.0 = Release|Any CPU
	EndGlobalSection
	GlobalSection(SolutionProperties) = preSolution
		HideSolutionNode = FALSE
	EndGlobalSection
	GlobalSection(NestedProjects) = preSolution
		{A1FD7A7B-D3F4-4F1F-9281-F52EC1D2D2DA} = {298F8E5F-0252-43A0-9AB8-54142D082720}
		{678FE073-D0F7-4050-A58E-7DC62545DBDC} = {298F8E5F-0252-43A0-9AB8-54142D082720}
		{1F19319C-D8D9-4E00-9ADC-787131F395C7} = {298F8E5F-0252-43A0-9AB8-54142D082720}
		{7677E0ED-A343-4A56-BC79-69EC3E1668C3} = {B195BCBD-249F-4FAA-A1E9-84200CA36ECB}
		{2BEF4514-4793-4CA7-9DFF-6F13879A3CEC} = {B195BCBD-249F-4FAA-A1E9-84200CA36ECB}
		{501F429F-ADE6-4050-B164-B0D47751786F} = {B195BCBD-249F-4FAA-A1E9-84200CA36ECB}
		{A3B3C0F0-E1CD-49CC-A49E-D1B65541C6A2} = {52FF9C73-89B4-4B77-802B-5E35278840F4}
		{969ABD76-A873-477A-919B-592E8FB99CE5} = {52FF9C73-89B4-4B77-802B-5E35278840F4}
		{EF23BE52-E44E-429D-B761-793B45C72CF7} = {52FF9C73-89B4-4B77-802B-5E35278840F4}
		{64ABB6ED-EC85-4D43-AC15-F4DBC7A4E553} = {1A942150-DD55-44AF-87F7-8E45410B668D}
		{2C0690EC-4E6C-4030-B2F9-86823E2E4FC9} = {1A942150-DD55-44AF-87F7-8E45410B668D}
		{0F22FD68-116B-4142-9ED0-C6047822DD9F} = {1A942150-DD55-44AF-87F7-8E45410B668D}
		{373C8EA8-F2AC-4B39-8F7C-1B0D234610BF} = {BE481449-0B67-466D-AAAB-8C8B608CD7BA}
		{183FD75B-E728-4ED2-B17C-5E14BE978100} = {BE481449-0B67-466D-AAAB-8C8B608CD7BA}
		{6629B9BB-ADBB-48EA-BFCC-6C3AF37E4DFD} = {BE481449-0B67-466D-AAAB-8C8B608CD7BA}
	EndGlobalSection
	GlobalSection(ExtensibilityGlobals) = postSolution
		SolutionGuid = {9C7E608C-94B0-4A63-AB30-84CB1196E1C7}
	EndGlobalSection
EndGlobal
